// !$*UTF8*$!
{
	archiveVersion = 1;
	classes = {
	};
	objectVersion = 50;
	objects = {

/* Begin PBXBuildFile section */
		7B2111AD24B812FE000F68D4 /* Event.swift in Sources */ = {isa = PBXBuildFile; fileRef = 7B2111AC24B812FE000F68D4 /* Event.swift */; };
		7B2111B824B8147E000F68D4 /* ParameterEncoding.swift in Sources */ = {isa = PBXBuildFile; fileRef = 7B2111B524B8147E000F68D4 /* ParameterEncoding.swift */; };
		7B2111B924B8147E000F68D4 /* URLParameterEncoder.swift in Sources */ = {isa = PBXBuildFile; fileRef = 7B2111B624B8147E000F68D4 /* URLParameterEncoder.swift */; };
		7B2111BA24B8147E000F68D4 /* JSONParameterEncoder.swift in Sources */ = {isa = PBXBuildFile; fileRef = 7B2111B724B8147E000F68D4 /* JSONParameterEncoder.swift */; };
		7B2111BC24B81485000F68D4 /* EventEndPoint.swift in Sources */ = {isa = PBXBuildFile; fileRef = 7B2111BB24B81485000F68D4 /* EventEndPoint.swift */; };
		7B2111BE24B8148B000F68D4 /* NetworkManager.swift in Sources */ = {isa = PBXBuildFile; fileRef = 7B2111BD24B8148B000F68D4 /* NetworkManager.swift */; };
		7B2111C524B81493000F68D4 /* NetworkLogger.swift in Sources */ = {isa = PBXBuildFile; fileRef = 7B2111BF24B81493000F68D4 /* NetworkLogger.swift */; };
		7B2111C624B81493000F68D4 /* HTTPTask.swift in Sources */ = {isa = PBXBuildFile; fileRef = 7B2111C024B81493000F68D4 /* HTTPTask.swift */; };
		7B2111C724B81493000F68D4 /* Router.swift in Sources */ = {isa = PBXBuildFile; fileRef = 7B2111C124B81493000F68D4 /* Router.swift */; };
		7B2111C824B81493000F68D4 /* EndPointType.swift in Sources */ = {isa = PBXBuildFile; fileRef = 7B2111C224B81493000F68D4 /* EndPointType.swift */; };
		7B2111C924B81493000F68D4 /* NetworkRouter.swift in Sources */ = {isa = PBXBuildFile; fileRef = 7B2111C324B81493000F68D4 /* NetworkRouter.swift */; };
		7B2111CA24B81493000F68D4 /* HTTPMethod.swift in Sources */ = {isa = PBXBuildFile; fileRef = 7B2111C424B81493000F68D4 /* HTTPMethod.swift */; };
		7B4629CD24A59557003B3168 /* AppDelegate.swift in Sources */ = {isa = PBXBuildFile; fileRef = 7B4629CC24A59557003B3168 /* AppDelegate.swift */; };
		7B4629CF24A59557003B3168 /* SceneDelegate.swift in Sources */ = {isa = PBXBuildFile; fileRef = 7B4629CE24A59557003B3168 /* SceneDelegate.swift */; };
		7B4629D124A59557003B3168 /* LoginViewController.swift in Sources */ = {isa = PBXBuildFile; fileRef = 7B4629D024A59557003B3168 /* LoginViewController.swift */; };
		7B4629D424A59557003B3168 /* Login.storyboard in Resources */ = {isa = PBXBuildFile; fileRef = 7B4629D224A59557003B3168 /* Login.storyboard */; };
		7B4629D724A59557003B3168 /* AppCheckInByQRCode.xcdatamodeld in Sources */ = {isa = PBXBuildFile; fileRef = 7B4629D524A59557003B3168 /* AppCheckInByQRCode.xcdatamodeld */; };
		7B4629D924A59558003B3168 /* Assets.xcassets in Resources */ = {isa = PBXBuildFile; fileRef = 7B4629D824A59558003B3168 /* Assets.xcassets */; };
		7B4629DC24A59558003B3168 /* LaunchScreen.storyboard in Resources */ = {isa = PBXBuildFile; fileRef = 7B4629DA24A59558003B3168 /* LaunchScreen.storyboard */; };
		7B4629E724A59558003B3168 /* AppCheckInByQRCodeTests.swift in Sources */ = {isa = PBXBuildFile; fileRef = 7B4629E624A59558003B3168 /* AppCheckInByQRCodeTests.swift */; };
		7B4629FE24A59D2D003B3168 /* UIViewExtension.swift in Sources */ = {isa = PBXBuildFile; fileRef = 7B4629FD24A59D2D003B3168 /* UIViewExtension.swift */; };
		7B462A0124A5D661003B3168 /* SignUp.storyboard in Resources */ = {isa = PBXBuildFile; fileRef = 7B462A0024A5D661003B3168 /* SignUp.storyboard */; };
		7B462A0324A5D687003B3168 /* SignUpViewController.swift in Sources */ = {isa = PBXBuildFile; fileRef = 7B462A0224A5D687003B3168 /* SignUpViewController.swift */; };
		7B462A0524A5E525003B3168 /* UITextFieldExtension.swift in Sources */ = {isa = PBXBuildFile; fileRef = 7B462A0424A5E525003B3168 /* UITextFieldExtension.swift */; };
		7B462A0A24A60319003B3168 /* ForgotPassword.storyboard in Resources */ = {isa = PBXBuildFile; fileRef = 7B462A0924A60319003B3168 /* ForgotPassword.storyboard */; };
		7B462A0C24A6032A003B3168 /* ForgotPasswordViewController.swift in Sources */ = {isa = PBXBuildFile; fileRef = 7B462A0B24A6032A003B3168 /* ForgotPasswordViewController.swift */; };
		7B6852B324ADE85E00C59449 /* ManagerTabBarViewController.swift in Sources */ = {isa = PBXBuildFile; fileRef = 7B6852B224ADE85E00C59449 /* ManagerTabBarViewController.swift */; };
		7B6852B524ADE88A00C59449 /* ManagerTabBar.storyboard in Resources */ = {isa = PBXBuildFile; fileRef = 7B6852B424ADE88A00C59449 /* ManagerTabBar.storyboard */; };
		7B6852C524AF1FB600C59449 /* HomeTabBar.storyboard in Resources */ = {isa = PBXBuildFile; fileRef = 7B6852C424AF1FB600C59449 /* HomeTabBar.storyboard */; };
		7B6852C724AF1FD400C59449 /* HomeTabBarViewController.swift in Sources */ = {isa = PBXBuildFile; fileRef = 7B6852C624AF1FD400C59449 /* HomeTabBarViewController.swift */; };
		7B6852CA24AF24C600C59449 /* UpcomingEventsCollectionViewCell.swift in Sources */ = {isa = PBXBuildFile; fileRef = 7B6852C824AF24C600C59449 /* UpcomingEventsCollectionViewCell.swift */; };
		7B6852CB24AF24C600C59449 /* UpcomingEventsCollectionViewCell.xib in Resources */ = {isa = PBXBuildFile; fileRef = 7B6852C924AF24C600C59449 /* UpcomingEventsCollectionViewCell.xib */; };
		7B6852D024AF318400C59449 /* LatestEventsCollectionViewCell.swift in Sources */ = {isa = PBXBuildFile; fileRef = 7B6852CE24AF318400C59449 /* LatestEventsCollectionViewCell.swift */; };
		7B6852D124AF318400C59449 /* LatestEventsCollectionViewCell.xib in Resources */ = {isa = PBXBuildFile; fileRef = 7B6852CF24AF318400C59449 /* LatestEventsCollectionViewCell.xib */; };
		7B6852D524B2B93100C59449 /* CompletedEventsCollectionViewCell.swift in Sources */ = {isa = PBXBuildFile; fileRef = 7B6852D324B2B93100C59449 /* CompletedEventsCollectionViewCell.swift */; };
		7B6852D624B2B93100C59449 /* CompletedEventsCollectionViewCell.xib in Resources */ = {isa = PBXBuildFile; fileRef = 7B6852D424B2B93100C59449 /* CompletedEventsCollectionViewCell.xib */; };
		7B6852D924B2C27200C59449 /* SearchEvent.storyboard in Resources */ = {isa = PBXBuildFile; fileRef = 7B6852D824B2C27200C59449 /* SearchEvent.storyboard */; };
		7B6852DB24B2C2B600C59449 /* SearchBarViewController.swift in Sources */ = {isa = PBXBuildFile; fileRef = 7B6852DA24B2C2B600C59449 /* SearchBarViewController.swift */; };
		7B6852DE24B2C64500C59449 /* InformationUser.storyboard in Resources */ = {isa = PBXBuildFile; fileRef = 7B6852DD24B2C64500C59449 /* InformationUser.storyboard */; };
		7B6852E024B2C68F00C59449 /* InformationUserViewController.swift in Sources */ = {isa = PBXBuildFile; fileRef = 7B6852DF24B2C68F00C59449 /* InformationUserViewController.swift */; };
		7B6852E324B2CFFB00C59449 /* ViewAllEvents.storyboard in Resources */ = {isa = PBXBuildFile; fileRef = 7B6852E224B2CFFB00C59449 /* ViewAllEvents.storyboard */; };
		7B6852E524B2D01A00C59449 /* ViewAllEventsViewController.swift in Sources */ = {isa = PBXBuildFile; fileRef = 7B6852E424B2D01A00C59449 /* ViewAllEventsViewController.swift */; };
		7B6852E824B2D93C00C59449 /* ViewAllEventsCollectionViewCell.swift in Sources */ = {isa = PBXBuildFile; fileRef = 7B6852E624B2D93C00C59449 /* ViewAllEventsCollectionViewCell.swift */; };
		7B6852E924B2D93C00C59449 /* ViewAllEventsCollectionViewCell.xib in Resources */ = {isa = PBXBuildFile; fileRef = 7B6852E724B2D93C00C59449 /* ViewAllEventsCollectionViewCell.xib */; };
		7B6852EB24B3126A00C59449 /* User.swift in Sources */ = {isa = PBXBuildFile; fileRef = 7B6852EA24B3126A00C59449 /* User.swift */; };
		7B6852ED24B31AD700C59449 /* Validation.swift in Sources */ = {isa = PBXBuildFile; fileRef = 7B6852EC24B31AD600C59449 /* Validation.swift */; };
		7B6852EF24B3275E00C59449 /* SingletonUser.swift in Sources */ = {isa = PBXBuildFile; fileRef = 7B6852EE24B3275E00C59449 /* SingletonUser.swift */; };
/* End PBXBuildFile section */

/* Begin PBXContainerItemProxy section */
		7B4629E324A59558003B3168 /* PBXContainerItemProxy */ = {
			isa = PBXContainerItemProxy;
			containerPortal = 7B4629C124A59557003B3168 /* Project object */;
			proxyType = 1;
			remoteGlobalIDString = 7B4629C824A59557003B3168;
			remoteInfo = AppCheckInByQRCode;
		};
/* End PBXContainerItemProxy section */

/* Begin PBXFileReference section */
		7B2111AC24B812FE000F68D4 /* Event.swift */ = {isa = PBXFileReference; fileEncoding = 4; lastKnownFileType = sourcecode.swift; path = Event.swift; sourceTree = "<group>"; };
		7B2111B524B8147E000F68D4 /* ParameterEncoding.swift */ = {isa = PBXFileReference; fileEncoding = 4; lastKnownFileType = sourcecode.swift; path = ParameterEncoding.swift; sourceTree = "<group>"; };
		7B2111B624B8147E000F68D4 /* URLParameterEncoder.swift */ = {isa = PBXFileReference; fileEncoding = 4; lastKnownFileType = sourcecode.swift; path = URLParameterEncoder.swift; sourceTree = "<group>"; };
		7B2111B724B8147E000F68D4 /* JSONParameterEncoder.swift */ = {isa = PBXFileReference; fileEncoding = 4; lastKnownFileType = sourcecode.swift; path = JSONParameterEncoder.swift; sourceTree = "<group>"; };
		7B2111BB24B81485000F68D4 /* EventEndPoint.swift */ = {isa = PBXFileReference; fileEncoding = 4; lastKnownFileType = sourcecode.swift; path = EventEndPoint.swift; sourceTree = "<group>"; };
		7B2111BD24B8148B000F68D4 /* NetworkManager.swift */ = {isa = PBXFileReference; fileEncoding = 4; lastKnownFileType = sourcecode.swift; path = NetworkManager.swift; sourceTree = "<group>"; };
		7B2111BF24B81493000F68D4 /* NetworkLogger.swift */ = {isa = PBXFileReference; fileEncoding = 4; lastKnownFileType = sourcecode.swift; path = NetworkLogger.swift; sourceTree = "<group>"; };
		7B2111C024B81493000F68D4 /* HTTPTask.swift */ = {isa = PBXFileReference; fileEncoding = 4; lastKnownFileType = sourcecode.swift; path = HTTPTask.swift; sourceTree = "<group>"; };
		7B2111C124B81493000F68D4 /* Router.swift */ = {isa = PBXFileReference; fileEncoding = 4; lastKnownFileType = sourcecode.swift; path = Router.swift; sourceTree = "<group>"; };
		7B2111C224B81493000F68D4 /* EndPointType.swift */ = {isa = PBXFileReference; fileEncoding = 4; lastKnownFileType = sourcecode.swift; path = EndPointType.swift; sourceTree = "<group>"; };
		7B2111C324B81493000F68D4 /* NetworkRouter.swift */ = {isa = PBXFileReference; fileEncoding = 4; lastKnownFileType = sourcecode.swift; path = NetworkRouter.swift; sourceTree = "<group>"; };
		7B2111C424B81493000F68D4 /* HTTPMethod.swift */ = {isa = PBXFileReference; fileEncoding = 4; lastKnownFileType = sourcecode.swift; path = HTTPMethod.swift; sourceTree = "<group>"; };
		7B4629C924A59557003B3168 /* AppCheckInByQRCode.app */ = {isa = PBXFileReference; explicitFileType = wrapper.application; includeInIndex = 0; path = AppCheckInByQRCode.app; sourceTree = BUILT_PRODUCTS_DIR; };
		7B4629CC24A59557003B3168 /* AppDelegate.swift */ = {isa = PBXFileReference; lastKnownFileType = sourcecode.swift; path = AppDelegate.swift; sourceTree = "<group>"; };
		7B4629CE24A59557003B3168 /* SceneDelegate.swift */ = {isa = PBXFileReference; lastKnownFileType = sourcecode.swift; path = SceneDelegate.swift; sourceTree = "<group>"; };
		7B4629D024A59557003B3168 /* LoginViewController.swift */ = {isa = PBXFileReference; lastKnownFileType = sourcecode.swift; path = LoginViewController.swift; sourceTree = "<group>"; };
		7B4629D324A59557003B3168 /* Base */ = {isa = PBXFileReference; lastKnownFileType = file.storyboard; name = Base; path = Base.lproj/Login.storyboard; sourceTree = "<group>"; };
		7B4629D624A59557003B3168 /* AppCheckInByQRCode.xcdatamodel */ = {isa = PBXFileReference; lastKnownFileType = wrapper.xcdatamodel; path = AppCheckInByQRCode.xcdatamodel; sourceTree = "<group>"; };
		7B4629D824A59558003B3168 /* Assets.xcassets */ = {isa = PBXFileReference; lastKnownFileType = folder.assetcatalog; path = Assets.xcassets; sourceTree = "<group>"; };
		7B4629DB24A59558003B3168 /* Base */ = {isa = PBXFileReference; lastKnownFileType = file.storyboard; name = Base; path = Base.lproj/LaunchScreen.storyboard; sourceTree = "<group>"; };
		7B4629DD24A59558003B3168 /* Info.plist */ = {isa = PBXFileReference; lastKnownFileType = text.plist.xml; path = Info.plist; sourceTree = "<group>"; };
		7B4629E224A59558003B3168 /* AppCheckInByQRCodeTests.xctest */ = {isa = PBXFileReference; explicitFileType = wrapper.cfbundle; includeInIndex = 0; path = AppCheckInByQRCodeTests.xctest; sourceTree = BUILT_PRODUCTS_DIR; };
		7B4629E624A59558003B3168 /* AppCheckInByQRCodeTests.swift */ = {isa = PBXFileReference; lastKnownFileType = sourcecode.swift; path = AppCheckInByQRCodeTests.swift; sourceTree = "<group>"; };
		7B4629E824A59558003B3168 /* Info.plist */ = {isa = PBXFileReference; lastKnownFileType = text.plist.xml; path = Info.plist; sourceTree = "<group>"; };
		7B4629F124A596F4003B3168 /* AppCheckInByQRCode.entitlements */ = {isa = PBXFileReference; lastKnownFileType = text.plist.entitlements; path = AppCheckInByQRCode.entitlements; sourceTree = "<group>"; };
		7B4629F324A596FA003B3168 /* CloudKit.framework */ = {isa = PBXFileReference; lastKnownFileType = wrapper.framework; name = CloudKit.framework; path = System/Library/Frameworks/CloudKit.framework; sourceTree = SDKROOT; };
		7B4629FD24A59D2D003B3168 /* UIViewExtension.swift */ = {isa = PBXFileReference; fileEncoding = 4; lastKnownFileType = sourcecode.swift; path = UIViewExtension.swift; sourceTree = "<group>"; };
		7B462A0024A5D661003B3168 /* SignUp.storyboard */ = {isa = PBXFileReference; lastKnownFileType = file.storyboard; path = SignUp.storyboard; sourceTree = "<group>"; };
		7B462A0224A5D687003B3168 /* SignUpViewController.swift */ = {isa = PBXFileReference; lastKnownFileType = sourcecode.swift; path = SignUpViewController.swift; sourceTree = "<group>"; };
		7B462A0424A5E525003B3168 /* UITextFieldExtension.swift */ = {isa = PBXFileReference; lastKnownFileType = sourcecode.swift; path = UITextFieldExtension.swift; sourceTree = "<group>"; };
		7B462A0924A60319003B3168 /* ForgotPassword.storyboard */ = {isa = PBXFileReference; lastKnownFileType = file.storyboard; path = ForgotPassword.storyboard; sourceTree = "<group>"; };
		7B462A0B24A6032A003B3168 /* ForgotPasswordViewController.swift */ = {isa = PBXFileReference; lastKnownFileType = sourcecode.swift; path = ForgotPasswordViewController.swift; sourceTree = "<group>"; };
		7B6852B224ADE85E00C59449 /* ManagerTabBarViewController.swift */ = {isa = PBXFileReference; lastKnownFileType = sourcecode.swift; path = ManagerTabBarViewController.swift; sourceTree = "<group>"; };
		7B6852B424ADE88A00C59449 /* ManagerTabBar.storyboard */ = {isa = PBXFileReference; lastKnownFileType = file.storyboard; path = ManagerTabBar.storyboard; sourceTree = "<group>"; };
		7B6852C424AF1FB600C59449 /* HomeTabBar.storyboard */ = {isa = PBXFileReference; lastKnownFileType = file.storyboard; path = HomeTabBar.storyboard; sourceTree = "<group>"; };
		7B6852C624AF1FD400C59449 /* HomeTabBarViewController.swift */ = {isa = PBXFileReference; lastKnownFileType = sourcecode.swift; path = HomeTabBarViewController.swift; sourceTree = "<group>"; };
		7B6852C824AF24C600C59449 /* UpcomingEventsCollectionViewCell.swift */ = {isa = PBXFileReference; lastKnownFileType = sourcecode.swift; path = UpcomingEventsCollectionViewCell.swift; sourceTree = "<group>"; };
		7B6852C924AF24C600C59449 /* UpcomingEventsCollectionViewCell.xib */ = {isa = PBXFileReference; lastKnownFileType = file.xib; path = UpcomingEventsCollectionViewCell.xib; sourceTree = "<group>"; };
		7B6852CE24AF318400C59449 /* LatestEventsCollectionViewCell.swift */ = {isa = PBXFileReference; lastKnownFileType = sourcecode.swift; path = LatestEventsCollectionViewCell.swift; sourceTree = "<group>"; };
		7B6852CF24AF318400C59449 /* LatestEventsCollectionViewCell.xib */ = {isa = PBXFileReference; lastKnownFileType = file.xib; path = LatestEventsCollectionViewCell.xib; sourceTree = "<group>"; };
		7B6852D324B2B93100C59449 /* CompletedEventsCollectionViewCell.swift */ = {isa = PBXFileReference; lastKnownFileType = sourcecode.swift; path = CompletedEventsCollectionViewCell.swift; sourceTree = "<group>"; };
		7B6852D424B2B93100C59449 /* CompletedEventsCollectionViewCell.xib */ = {isa = PBXFileReference; lastKnownFileType = file.xib; path = CompletedEventsCollectionViewCell.xib; sourceTree = "<group>"; };
		7B6852D824B2C27200C59449 /* SearchEvent.storyboard */ = {isa = PBXFileReference; lastKnownFileType = file.storyboard; path = SearchEvent.storyboard; sourceTree = "<group>"; };
		7B6852DA24B2C2B600C59449 /* SearchBarViewController.swift */ = {isa = PBXFileReference; lastKnownFileType = sourcecode.swift; path = SearchBarViewController.swift; sourceTree = "<group>"; };
		7B6852DD24B2C64500C59449 /* InformationUser.storyboard */ = {isa = PBXFileReference; lastKnownFileType = file.storyboard; path = InformationUser.storyboard; sourceTree = "<group>"; };
		7B6852DF24B2C68F00C59449 /* InformationUserViewController.swift */ = {isa = PBXFileReference; lastKnownFileType = sourcecode.swift; path = InformationUserViewController.swift; sourceTree = "<group>"; };
		7B6852E224B2CFFB00C59449 /* ViewAllEvents.storyboard */ = {isa = PBXFileReference; lastKnownFileType = file.storyboard; path = ViewAllEvents.storyboard; sourceTree = "<group>"; };
		7B6852E424B2D01A00C59449 /* ViewAllEventsViewController.swift */ = {isa = PBXFileReference; lastKnownFileType = sourcecode.swift; path = ViewAllEventsViewController.swift; sourceTree = "<group>"; };
		7B6852E624B2D93C00C59449 /* ViewAllEventsCollectionViewCell.swift */ = {isa = PBXFileReference; lastKnownFileType = sourcecode.swift; path = ViewAllEventsCollectionViewCell.swift; sourceTree = "<group>"; };
		7B6852E724B2D93C00C59449 /* ViewAllEventsCollectionViewCell.xib */ = {isa = PBXFileReference; lastKnownFileType = file.xib; path = ViewAllEventsCollectionViewCell.xib; sourceTree = "<group>"; };
		7B6852EA24B3126A00C59449 /* User.swift */ = {isa = PBXFileReference; lastKnownFileType = sourcecode.swift; path = User.swift; sourceTree = "<group>"; };
		7B6852EC24B31AD600C59449 /* Validation.swift */ = {isa = PBXFileReference; lastKnownFileType = sourcecode.swift; path = Validation.swift; sourceTree = "<group>"; };
		7B6852EE24B3275E00C59449 /* SingletonUser.swift */ = {isa = PBXFileReference; lastKnownFileType = sourcecode.swift; path = SingletonUser.swift; sourceTree = "<group>"; };
/* End PBXFileReference section */

/* Begin PBXFrameworksBuildPhase section */
		7B4629C624A59557003B3168 /* Frameworks */ = {
			isa = PBXFrameworksBuildPhase;
			buildActionMask = 2147483647;
			files = (
			);
			runOnlyForDeploymentPostprocessing = 0;
		};
		7B4629DF24A59558003B3168 /* Frameworks */ = {
			isa = PBXFrameworksBuildPhase;
			buildActionMask = 2147483647;
			files = (
			);
			runOnlyForDeploymentPostprocessing = 0;
		};
/* End PBXFrameworksBuildPhase section */

/* Begin PBXGroup section */
		7B21116624B4301E000F68D4 /* Scenes */ = {
			isa = PBXGroup;
			children = (
				7B4629FA24A5985F003B3168 /* Login */,
				7B4629FF24A5D0C6003B3168 /* SignUp */,
				7B462A0824A60301003B3168 /* ForgotPassword */,
				7B6852B124ADE7CF00C59449 /* ManagerTabBarViewController */,
				7B6852C324AF1F9400C59449 /* HomeTabBar */,
				7B6852D724B2BE7000C59449 /* SearchEvent */,
				7B6852E124B2CFAC00C59449 /* ViewAllEvents */,
				7B6852DC24B2C62500C59449 /* InformationUser */,
			);
			path = Scenes;
			sourceTree = "<group>";
		};
		7B2111B024B81394000F68D4 /* Networking */ = {
			isa = PBXGroup;
			children = (
				7B2111B124B813A4000F68D4 /* EndPoint */,
				7B2111B324B813B4000F68D4 /* Manager */,
				7B2111B424B813B8000F68D4 /* Service */,
				7B2111B224B813AA000F68D4 /* Encoding */,
			);
			path = Networking;
			sourceTree = "<group>";
		};
		7B2111B124B813A4000F68D4 /* EndPoint */ = {
			isa = PBXGroup;
			children = (
				7B2111BB24B81485000F68D4 /* EventEndPoint.swift */,
			);
			path = EndPoint;
			sourceTree = "<group>";
		};
		7B2111B224B813AA000F68D4 /* Encoding */ = {
			isa = PBXGroup;
			children = (
				7B2111B724B8147E000F68D4 /* JSONParameterEncoder.swift */,
				7B2111B524B8147E000F68D4 /* ParameterEncoding.swift */,
				7B2111B624B8147E000F68D4 /* URLParameterEncoder.swift */,
			);
			path = Encoding;
			sourceTree = "<group>";
		};
		7B2111B324B813B4000F68D4 /* Manager */ = {
			isa = PBXGroup;
			children = (
				7B2111BD24B8148B000F68D4 /* NetworkManager.swift */,
			);
			path = Manager;
			sourceTree = "<group>";
		};
		7B2111B424B813B8000F68D4 /* Service */ = {
			isa = PBXGroup;
			children = (
				7B2111C224B81493000F68D4 /* EndPointType.swift */,
				7B2111C424B81493000F68D4 /* HTTPMethod.swift */,
				7B2111C024B81493000F68D4 /* HTTPTask.swift */,
				7B2111BF24B81493000F68D4 /* NetworkLogger.swift */,
				7B2111C324B81493000F68D4 /* NetworkRouter.swift */,
				7B2111C124B81493000F68D4 /* Router.swift */,
			);
			path = Service;
			sourceTree = "<group>";
		};
		7B4629C024A59557003B3168 = {
			isa = PBXGroup;
			children = (
				7B4629CB24A59557003B3168 /* AppCheckInByQRCode */,
				7B4629E524A59558003B3168 /* AppCheckInByQRCodeTests */,
				7B4629CA24A59557003B3168 /* Products */,
				7B4629F224A596FA003B3168 /* Frameworks */,
			);
			sourceTree = "<group>";
		};
		7B4629CA24A59557003B3168 /* Products */ = {
			isa = PBXGroup;
			children = (
				7B4629C924A59557003B3168 /* AppCheckInByQRCode.app */,
				7B4629E224A59558003B3168 /* AppCheckInByQRCodeTests.xctest */,
			);
			name = Products;
			sourceTree = "<group>";
		};
		7B4629CB24A59557003B3168 /* AppCheckInByQRCode */ = {
			isa = PBXGroup;
			children = (
				7B4629F524A597D9003B3168 /* Application */,
				7B4629F624A597E1003B3168 /* Assets */,
				7B4629F724A59843003B3168 /* Model */,
				7B21116624B4301E000F68D4 /* Scenes */,
				7B2111B024B81394000F68D4 /* Networking */,
			);
			path = AppCheckInByQRCode;
			sourceTree = "<group>";
		};
		7B4629E524A59558003B3168 /* AppCheckInByQRCodeTests */ = {
			isa = PBXGroup;
			children = (
				7B4629E624A59558003B3168 /* AppCheckInByQRCodeTests.swift */,
				7B4629E824A59558003B3168 /* Info.plist */,
			);
			path = AppCheckInByQRCodeTests;
			sourceTree = "<group>";
		};
		7B4629F224A596FA003B3168 /* Frameworks */ = {
			isa = PBXGroup;
			children = (
				7B4629F324A596FA003B3168 /* CloudKit.framework */,
			);
			name = Frameworks;
			sourceTree = "<group>";
		};
		7B4629F524A597D9003B3168 /* Application */ = {
			isa = PBXGroup;
			children = (
				7B6852B024ADE7BA00C59449 /* AppDelegate */,
				7B4629F824A5984A003B3168 /* CoreData */,
				7B4629FC24A59D01003B3168 /* HelperMethod */,
				7B4629F924A59857003B3168 /* Info */,
				7B4629FB24A5986A003B3168 /* LaunchScreen */,
			);
			path = Application;
			sourceTree = "<group>";
		};
		7B4629F624A597E1003B3168 /* Assets */ = {
			isa = PBXGroup;
			children = (
				7B4629D824A59558003B3168 /* Assets.xcassets */,
			);
			path = Assets;
			sourceTree = "<group>";
		};
		7B4629F724A59843003B3168 /* Model */ = {
			isa = PBXGroup;
			children = (
				7B6852EA24B3126A00C59449 /* User.swift */,
				7B2111AC24B812FE000F68D4 /* Event.swift */,
				7B6852EE24B3275E00C59449 /* SingletonUser.swift */,
			);
			path = Model;
			sourceTree = "<group>";
		};
		7B4629F824A5984A003B3168 /* CoreData */ = {
			isa = PBXGroup;
			children = (
				7B4629D524A59557003B3168 /* AppCheckInByQRCode.xcdatamodeld */,
				7B4629F124A596F4003B3168 /* AppCheckInByQRCode.entitlements */,
			);
			path = CoreData;
			sourceTree = "<group>";
		};
		7B4629F924A59857003B3168 /* Info */ = {
			isa = PBXGroup;
			children = (
				7B4629DD24A59558003B3168 /* Info.plist */,
			);
			path = Info;
			sourceTree = "<group>";
		};
		7B4629FA24A5985F003B3168 /* Login */ = {
			isa = PBXGroup;
			children = (
				7B4629D224A59557003B3168 /* Login.storyboard */,
				7B4629D024A59557003B3168 /* LoginViewController.swift */,
			);
			path = Login;
			sourceTree = "<group>";
		};
		7B4629FB24A5986A003B3168 /* LaunchScreen */ = {
			isa = PBXGroup;
			children = (
				7B4629DA24A59558003B3168 /* LaunchScreen.storyboard */,
			);
			path = LaunchScreen;
			sourceTree = "<group>";
		};
		7B4629FC24A59D01003B3168 /* HelperMethod */ = {
			isa = PBXGroup;
			children = (
				7B4629FD24A59D2D003B3168 /* UIViewExtension.swift */,
				7B462A0424A5E525003B3168 /* UITextFieldExtension.swift */,
				7B6852EC24B31AD600C59449 /* Validation.swift */,
			);
			path = HelperMethod;
			sourceTree = "<group>";
		};
		7B4629FF24A5D0C6003B3168 /* SignUp */ = {
			isa = PBXGroup;
			children = (
				7B462A0024A5D661003B3168 /* SignUp.storyboard */,
				7B462A0224A5D687003B3168 /* SignUpViewController.swift */,
			);
			path = SignUp;
			sourceTree = "<group>";
		};
		7B462A0824A60301003B3168 /* ForgotPassword */ = {
			isa = PBXGroup;
			children = (
				7B462A0924A60319003B3168 /* ForgotPassword.storyboard */,
				7B462A0B24A6032A003B3168 /* ForgotPasswordViewController.swift */,
			);
			path = ForgotPassword;
			sourceTree = "<group>";
		};
		7B6852B024ADE7BA00C59449 /* AppDelegate */ = {
			isa = PBXGroup;
			children = (
				7B4629CC24A59557003B3168 /* AppDelegate.swift */,
				7B4629CE24A59557003B3168 /* SceneDelegate.swift */,
			);
			path = AppDelegate;
			sourceTree = "<group>";
		};
		7B6852B124ADE7CF00C59449 /* ManagerTabBarViewController */ = {
			isa = PBXGroup;
			children = (
				7B6852B224ADE85E00C59449 /* ManagerTabBarViewController.swift */,
				7B6852B424ADE88A00C59449 /* ManagerTabBar.storyboard */,
			);
			path = ManagerTabBarViewController;
			sourceTree = "<group>";
		};
		7B6852C324AF1F9400C59449 /* HomeTabBar */ = {
			isa = PBXGroup;
			children = (
				7B6852D224B2B8F100C59449 /* CompletedEvent */,
				7B6852CD24AF316D00C59449 /* LatestEvent */,
				7B6852CC24AF314F00C59449 /* UpcomingEvent */,
				7B6852C424AF1FB600C59449 /* HomeTabBar.storyboard */,
				7B6852C624AF1FD400C59449 /* HomeTabBarViewController.swift */,
			);
			path = HomeTabBar;
			sourceTree = "<group>";
		};
		7B6852CC24AF314F00C59449 /* UpcomingEvent */ = {
			isa = PBXGroup;
			children = (
				7B6852C824AF24C600C59449 /* UpcomingEventsCollectionViewCell.swift */,
				7B6852C924AF24C600C59449 /* UpcomingEventsCollectionViewCell.xib */,
			);
			path = UpcomingEvent;
			sourceTree = "<group>";
		};
		7B6852CD24AF316D00C59449 /* LatestEvent */ = {
			isa = PBXGroup;
			children = (
				7B6852CE24AF318400C59449 /* LatestEventsCollectionViewCell.swift */,
				7B6852CF24AF318400C59449 /* LatestEventsCollectionViewCell.xib */,
			);
			path = LatestEvent;
			sourceTree = "<group>";
		};
		7B6852D224B2B8F100C59449 /* CompletedEvent */ = {
			isa = PBXGroup;
			children = (
				7B6852D324B2B93100C59449 /* CompletedEventsCollectionViewCell.swift */,
				7B6852D424B2B93100C59449 /* CompletedEventsCollectionViewCell.xib */,
			);
			path = CompletedEvent;
			sourceTree = "<group>";
		};
		7B6852D724B2BE7000C59449 /* SearchEvent */ = {
			isa = PBXGroup;
			children = (
				7B6852D824B2C27200C59449 /* SearchEvent.storyboard */,
				7B6852DA24B2C2B600C59449 /* SearchBarViewController.swift */,
			);
			path = SearchEvent;
			sourceTree = "<group>";
		};
		7B6852DC24B2C62500C59449 /* InformationUser */ = {
			isa = PBXGroup;
			children = (
				7B6852DD24B2C64500C59449 /* InformationUser.storyboard */,
				7B6852DF24B2C68F00C59449 /* InformationUserViewController.swift */,
			);
			path = InformationUser;
			sourceTree = "<group>";
		};
		7B6852E124B2CFAC00C59449 /* ViewAllEvents */ = {
			isa = PBXGroup;
			children = (
				7B6852E224B2CFFB00C59449 /* ViewAllEvents.storyboard */,
				7B6852E424B2D01A00C59449 /* ViewAllEventsViewController.swift */,
				7B6852E624B2D93C00C59449 /* ViewAllEventsCollectionViewCell.swift */,
				7B6852E724B2D93C00C59449 /* ViewAllEventsCollectionViewCell.xib */,
			);
			path = ViewAllEvents;
			sourceTree = "<group>";
		};
/* End PBXGroup section */

/* Begin PBXNativeTarget section */
		7B4629C824A59557003B3168 /* AppCheckInByQRCode */ = {
			isa = PBXNativeTarget;
			buildConfigurationList = 7B4629EB24A59558003B3168 /* Build configuration list for PBXNativeTarget "AppCheckInByQRCode" */;
			buildPhases = (
				7B4629C524A59557003B3168 /* Sources */,
				7B4629C624A59557003B3168 /* Frameworks */,
				7B4629C724A59557003B3168 /* Resources */,
			);
			buildRules = (
			);
			dependencies = (
			);
			name = AppCheckInByQRCode;
			productName = AppCheckInByQRCode;
			productReference = 7B4629C924A59557003B3168 /* AppCheckInByQRCode.app */;
			productType = "com.apple.product-type.application";
		};
		7B4629E124A59558003B3168 /* AppCheckInByQRCodeTests */ = {
			isa = PBXNativeTarget;
			buildConfigurationList = 7B4629EE24A59558003B3168 /* Build configuration list for PBXNativeTarget "AppCheckInByQRCodeTests" */;
			buildPhases = (
				7B4629DE24A59558003B3168 /* Sources */,
				7B4629DF24A59558003B3168 /* Frameworks */,
				7B4629E024A59558003B3168 /* Resources */,
			);
			buildRules = (
			);
			dependencies = (
				7B4629E424A59558003B3168 /* PBXTargetDependency */,
			);
			name = AppCheckInByQRCodeTests;
			productName = AppCheckInByQRCodeTests;
			productReference = 7B4629E224A59558003B3168 /* AppCheckInByQRCodeTests.xctest */;
			productType = "com.apple.product-type.bundle.unit-test";
		};
/* End PBXNativeTarget section */

/* Begin PBXProject section */
		7B4629C124A59557003B3168 /* Project object */ = {
			isa = PBXProject;
			attributes = {
				LastSwiftUpdateCheck = 1150;
				LastUpgradeCheck = 1150;
				ORGANIZATIONNAME = "Hoang Trong Kien";
				TargetAttributes = {
					7B4629C824A59557003B3168 = {
						CreatedOnToolsVersion = 11.5;
					};
					7B4629E124A59558003B3168 = {
						CreatedOnToolsVersion = 11.5;
						TestTargetID = 7B4629C824A59557003B3168;
					};
				};
			};
			buildConfigurationList = 7B4629C424A59557003B3168 /* Build configuration list for PBXProject "AppCheckInByQRCode" */;
			compatibilityVersion = "Xcode 9.3";
			developmentRegion = en;
			hasScannedForEncodings = 0;
			knownRegions = (
				en,
				Base,
			);
			mainGroup = 7B4629C024A59557003B3168;
			productRefGroup = 7B4629CA24A59557003B3168 /* Products */;
			projectDirPath = "";
			projectRoot = "";
			targets = (
				7B4629C824A59557003B3168 /* AppCheckInByQRCode */,
				7B4629E124A59558003B3168 /* AppCheckInByQRCodeTests */,
			);
		};
/* End PBXProject section */

/* Begin PBXResourcesBuildPhase section */
		7B4629C724A59557003B3168 /* Resources */ = {
			isa = PBXResourcesBuildPhase;
			buildActionMask = 2147483647;
			files = (
				7B6852C524AF1FB600C59449 /* HomeTabBar.storyboard in Resources */,
				7B6852CB24AF24C600C59449 /* UpcomingEventsCollectionViewCell.xib in Resources */,
				7B6852D124AF318400C59449 /* LatestEventsCollectionViewCell.xib in Resources */,
				7B6852D624B2B93100C59449 /* CompletedEventsCollectionViewCell.xib in Resources */,
				7B6852E924B2D93C00C59449 /* ViewAllEventsCollectionViewCell.xib in Resources */,
				7B4629DC24A59558003B3168 /* LaunchScreen.storyboard in Resources */,
				7B4629D924A59558003B3168 /* Assets.xcassets in Resources */,
				7B6852DE24B2C64500C59449 /* InformationUser.storyboard in Resources */,
				7B6852D924B2C27200C59449 /* SearchEvent.storyboard in Resources */,
				7B462A0A24A60319003B3168 /* ForgotPassword.storyboard in Resources */,
				7B462A0124A5D661003B3168 /* SignUp.storyboard in Resources */,
				7B4629D424A59557003B3168 /* Login.storyboard in Resources */,
				7B6852B524ADE88A00C59449 /* ManagerTabBar.storyboard in Resources */,
				7B6852E324B2CFFB00C59449 /* ViewAllEvents.storyboard in Resources */,
			);
			runOnlyForDeploymentPostprocessing = 0;
		};
		7B4629E024A59558003B3168 /* Resources */ = {
			isa = PBXResourcesBuildPhase;
			buildActionMask = 2147483647;
			files = (
			);
			runOnlyForDeploymentPostprocessing = 0;
		};
/* End PBXResourcesBuildPhase section */

/* Begin PBXSourcesBuildPhase section */
		7B4629C524A59557003B3168 /* Sources */ = {
			isa = PBXSourcesBuildPhase;
			buildActionMask = 2147483647;
			files = (
				7B6852D524B2B93100C59449 /* CompletedEventsCollectionViewCell.swift in Sources */,
				7B6852CA24AF24C600C59449 /* UpcomingEventsCollectionViewCell.swift in Sources */,
				7B6852E024B2C68F00C59449 /* InformationUserViewController.swift in Sources */,
				7B6852E824B2D93C00C59449 /* ViewAllEventsCollectionViewCell.swift in Sources */,
				7B2111BA24B8147E000F68D4 /* JSONParameterEncoder.swift in Sources */,
				7B2111C724B81493000F68D4 /* Router.swift in Sources */,
				7B6852DB24B2C2B600C59449 /* SearchBarViewController.swift in Sources */,
				7B2111C624B81493000F68D4 /* HTTPTask.swift in Sources */,
				7B462A0C24A6032A003B3168 /* ForgotPasswordViewController.swift in Sources */,
				7B2111C524B81493000F68D4 /* NetworkLogger.swift in Sources */,
				7B462A0324A5D687003B3168 /* SignUpViewController.swift in Sources */,
				7B2111CA24B81493000F68D4 /* HTTPMethod.swift in Sources */,
				7B2111AD24B812FE000F68D4 /* Event.swift in Sources */,
				7B6852EB24B3126A00C59449 /* User.swift in Sources */,
				7B4629FE24A59D2D003B3168 /* UIViewExtension.swift in Sources */,
				7B462A0524A5E525003B3168 /* UITextFieldExtension.swift in Sources */,
				7B2111C824B81493000F68D4 /* EndPointType.swift in Sources */,
				7B4629D124A59557003B3168 /* LoginViewController.swift in Sources */,
				7B2111B924B8147E000F68D4 /* URLParameterEncoder.swift in Sources */,
				7B4629CD24A59557003B3168 /* AppDelegate.swift in Sources */,
				7B6852ED24B31AD700C59449 /* Validation.swift in Sources */,
				7B6852B324ADE85E00C59449 /* ManagerTabBarViewController.swift in Sources */,
				7B4629D724A59557003B3168 /* AppCheckInByQRCode.xcdatamodeld in Sources */,
				7B2111C924B81493000F68D4 /* NetworkRouter.swift in Sources */,
				7B6852C724AF1FD400C59449 /* HomeTabBarViewController.swift in Sources */,
				7B2111B824B8147E000F68D4 /* ParameterEncoding.swift in Sources */,
				7B6852E524B2D01A00C59449 /* ViewAllEventsViewController.swift in Sources */,
				7B6852D024AF318400C59449 /* LatestEventsCollectionViewCell.swift in Sources */,
				7B2111BE24B8148B000F68D4 /* NetworkManager.swift in Sources */,
				7B6852EF24B3275E00C59449 /* SingletonUser.swift in Sources */,
				7B2111BC24B81485000F68D4 /* EventEndPoint.swift in Sources */,
				7B4629CF24A59557003B3168 /* SceneDelegate.swift in Sources */,
			);
			runOnlyForDeploymentPostprocessing = 0;
		};
		7B4629DE24A59558003B3168 /* Sources */ = {
			isa = PBXSourcesBuildPhase;
			buildActionMask = 2147483647;
			files = (
				7B4629E724A59558003B3168 /* AppCheckInByQRCodeTests.swift in Sources */,
			);
			runOnlyForDeploymentPostprocessing = 0;
		};
/* End PBXSourcesBuildPhase section */

/* Begin PBXTargetDependency section */
		7B4629E424A59558003B3168 /* PBXTargetDependency */ = {
			isa = PBXTargetDependency;
			target = 7B4629C824A59557003B3168 /* AppCheckInByQRCode */;
			targetProxy = 7B4629E324A59558003B3168 /* PBXContainerItemProxy */;
		};
/* End PBXTargetDependency section */

/* Begin PBXVariantGroup section */
		7B4629D224A59557003B3168 /* Login.storyboard */ = {
			isa = PBXVariantGroup;
			children = (
				7B4629D324A59557003B3168 /* Base */,
			);
			name = Login.storyboard;
			sourceTree = "<group>";
		};
		7B4629DA24A59558003B3168 /* LaunchScreen.storyboard */ = {
			isa = PBXVariantGroup;
			children = (
				7B4629DB24A59558003B3168 /* Base */,
			);
			name = LaunchScreen.storyboard;
			sourceTree = "<group>";
		};
/* End PBXVariantGroup section */

/* Begin XCBuildConfiguration section */
		7B4629E924A59558003B3168 /* Debug */ = {
			isa = XCBuildConfiguration;
			buildSettings = {
				ALWAYS_SEARCH_USER_PATHS = NO;
				CLANG_ANALYZER_NONNULL = YES;
				CLANG_ANALYZER_NUMBER_OBJECT_CONVERSION = YES_AGGRESSIVE;
				CLANG_CXX_LANGUAGE_STANDARD = "gnu++14";
				CLANG_CXX_LIBRARY = "libc++";
				CLANG_ENABLE_MODULES = YES;
				CLANG_ENABLE_OBJC_ARC = YES;
				CLANG_ENABLE_OBJC_WEAK = YES;
				CLANG_WARN_BLOCK_CAPTURE_AUTORELEASING = YES;
				CLANG_WARN_BOOL_CONVERSION = YES;
				CLANG_WARN_COMMA = YES;
				CLANG_WARN_CONSTANT_CONVERSION = YES;
				CLANG_WARN_DEPRECATED_OBJC_IMPLEMENTATIONS = YES;
				CLANG_WARN_DIRECT_OBJC_ISA_USAGE = YES_ERROR;
				CLANG_WARN_DOCUMENTATION_COMMENTS = YES;
				CLANG_WARN_EMPTY_BODY = YES;
				CLANG_WARN_ENUM_CONVERSION = YES;
				CLANG_WARN_INFINITE_RECURSION = YES;
				CLANG_WARN_INT_CONVERSION = YES;
				CLANG_WARN_NON_LITERAL_NULL_CONVERSION = YES;
				CLANG_WARN_OBJC_IMPLICIT_RETAIN_SELF = YES;
				CLANG_WARN_OBJC_LITERAL_CONVERSION = YES;
				CLANG_WARN_OBJC_ROOT_CLASS = YES_ERROR;
				CLANG_WARN_RANGE_LOOP_ANALYSIS = YES;
				CLANG_WARN_STRICT_PROTOTYPES = YES;
				CLANG_WARN_SUSPICIOUS_MOVE = YES;
				CLANG_WARN_UNGUARDED_AVAILABILITY = YES_AGGRESSIVE;
				CLANG_WARN_UNREACHABLE_CODE = YES;
				CLANG_WARN__DUPLICATE_METHOD_MATCH = YES;
				COPY_PHASE_STRIP = NO;
				DEBUG_INFORMATION_FORMAT = dwarf;
				ENABLE_STRICT_OBJC_MSGSEND = YES;
				ENABLE_TESTABILITY = YES;
				GCC_C_LANGUAGE_STANDARD = gnu11;
				GCC_DYNAMIC_NO_PIC = NO;
				GCC_NO_COMMON_BLOCKS = YES;
				GCC_OPTIMIZATION_LEVEL = 0;
				GCC_PREPROCESSOR_DEFINITIONS = (
					"DEBUG=1",
					"$(inherited)",
				);
				GCC_WARN_64_TO_32_BIT_CONVERSION = YES;
				GCC_WARN_ABOUT_RETURN_TYPE = YES_ERROR;
				GCC_WARN_UNDECLARED_SELECTOR = YES;
				GCC_WARN_UNINITIALIZED_AUTOS = YES_AGGRESSIVE;
				GCC_WARN_UNUSED_FUNCTION = YES;
				GCC_WARN_UNUSED_VARIABLE = YES;
				IPHONEOS_DEPLOYMENT_TARGET = 13.5;
				MTL_ENABLE_DEBUG_INFO = INCLUDE_SOURCE;
				MTL_FAST_MATH = YES;
				ONLY_ACTIVE_ARCH = YES;
				SDKROOT = iphoneos;
				SWIFT_ACTIVE_COMPILATION_CONDITIONS = DEBUG;
				SWIFT_OPTIMIZATION_LEVEL = "-Onone";
			};
			name = Debug;
		};
		7B4629EA24A59558003B3168 /* Release */ = {
			isa = XCBuildConfiguration;
			buildSettings = {
				ALWAYS_SEARCH_USER_PATHS = NO;
				CLANG_ANALYZER_NONNULL = YES;
				CLANG_ANALYZER_NUMBER_OBJECT_CONVERSION = YES_AGGRESSIVE;
				CLANG_CXX_LANGUAGE_STANDARD = "gnu++14";
				CLANG_CXX_LIBRARY = "libc++";
				CLANG_ENABLE_MODULES = YES;
				CLANG_ENABLE_OBJC_ARC = YES;
				CLANG_ENABLE_OBJC_WEAK = YES;
				CLANG_WARN_BLOCK_CAPTURE_AUTORELEASING = YES;
				CLANG_WARN_BOOL_CONVERSION = YES;
				CLANG_WARN_COMMA = YES;
				CLANG_WARN_CONSTANT_CONVERSION = YES;
				CLANG_WARN_DEPRECATED_OBJC_IMPLEMENTATIONS = YES;
				CLANG_WARN_DIRECT_OBJC_ISA_USAGE = YES_ERROR;
				CLANG_WARN_DOCUMENTATION_COMMENTS = YES;
				CLANG_WARN_EMPTY_BODY = YES;
				CLANG_WARN_ENUM_CONVERSION = YES;
				CLANG_WARN_INFINITE_RECURSION = YES;
				CLANG_WARN_INT_CONVERSION = YES;
				CLANG_WARN_NON_LITERAL_NULL_CONVERSION = YES;
				CLANG_WARN_OBJC_IMPLICIT_RETAIN_SELF = YES;
				CLANG_WARN_OBJC_LITERAL_CONVERSION = YES;
				CLANG_WARN_OBJC_ROOT_CLASS = YES_ERROR;
				CLANG_WARN_RANGE_LOOP_ANALYSIS = YES;
				CLANG_WARN_STRICT_PROTOTYPES = YES;
				CLANG_WARN_SUSPICIOUS_MOVE = YES;
				CLANG_WARN_UNGUARDED_AVAILABILITY = YES_AGGRESSIVE;
				CLANG_WARN_UNREACHABLE_CODE = YES;
				CLANG_WARN__DUPLICATE_METHOD_MATCH = YES;
				COPY_PHASE_STRIP = NO;
				DEBUG_INFORMATION_FORMAT = "dwarf-with-dsym";
				ENABLE_NS_ASSERTIONS = NO;
				ENABLE_STRICT_OBJC_MSGSEND = YES;
				GCC_C_LANGUAGE_STANDARD = gnu11;
				GCC_NO_COMMON_BLOCKS = YES;
				GCC_WARN_64_TO_32_BIT_CONVERSION = YES;
				GCC_WARN_ABOUT_RETURN_TYPE = YES_ERROR;
				GCC_WARN_UNDECLARED_SELECTOR = YES;
				GCC_WARN_UNINITIALIZED_AUTOS = YES_AGGRESSIVE;
				GCC_WARN_UNUSED_FUNCTION = YES;
				GCC_WARN_UNUSED_VARIABLE = YES;
				IPHONEOS_DEPLOYMENT_TARGET = 13.5;
				MTL_ENABLE_DEBUG_INFO = NO;
				MTL_FAST_MATH = YES;
				SDKROOT = iphoneos;
				SWIFT_COMPILATION_MODE = wholemodule;
				SWIFT_OPTIMIZATION_LEVEL = "-O";
				VALIDATE_PRODUCT = YES;
			};
			name = Release;
		};
		7B4629EC24A59558003B3168 /* Debug */ = {
			isa = XCBuildConfiguration;
			buildSettings = {
				ASSETCATALOG_COMPILER_APPICON_NAME = AppIcon;
				CODE_SIGN_ENTITLEMENTS = AppCheckInByQRCode/Application/CoreData/AppCheckInByQRCode.entitlements;
				CODE_SIGN_IDENTITY = "Apple Development";
				CODE_SIGN_STYLE = Automatic;
				DEVELOPMENT_TEAM = R3XHF7AHVR;
				INFOPLIST_FILE = AppCheckInByQRCode/Application/Info/Info.plist;
				LD_RUNPATH_SEARCH_PATHS = (
					"$(inherited)",
					"@executable_path/Frameworks",
				);
				PRODUCT_BUNDLE_IDENTIFIER = com.htkien.AppCheckInByQRCode;
				PRODUCT_NAME = "$(TARGET_NAME)";
				PROVISIONING_PROFILE_SPECIFIER = "";
				SWIFT_VERSION = 5.0;
				TARGETED_DEVICE_FAMILY = 1;
			};
			name = Debug;
		};
		7B4629ED24A59558003B3168 /* Release */ = {
			isa = XCBuildConfiguration;
			buildSettings = {
				ASSETCATALOG_COMPILER_APPICON_NAME = AppIcon;
				CODE_SIGN_ENTITLEMENTS = AppCheckInByQRCode/Application/CoreData/AppCheckInByQRCode.entitlements;
				CODE_SIGN_IDENTITY = "Apple Development";
				CODE_SIGN_STYLE = Automatic;
				DEVELOPMENT_TEAM = R3XHF7AHVR;
				INFOPLIST_FILE = AppCheckInByQRCode/Application/Info/Info.plist;
				LD_RUNPATH_SEARCH_PATHS = (
					"$(inherited)",
					"@executable_path/Frameworks",
				);
				PRODUCT_BUNDLE_IDENTIFIER = com.htkien.AppCheckInByQRCode;
				PRODUCT_NAME = "$(TARGET_NAME)";
				PROVISIONING_PROFILE_SPECIFIER = "";
				SWIFT_VERSION = 5.0;
				TARGETED_DEVICE_FAMILY = 1;
			};
			name = Release;
		};
		7B4629EF24A59558003B3168 /* Debug */ = {
			isa = XCBuildConfiguration;
			buildSettings = {
				ALWAYS_EMBED_SWIFT_STANDARD_LIBRARIES = YES;
				BUNDLE_LOADER = "$(TEST_HOST)";
				CODE_SIGN_STYLE = Automatic;
				DEVELOPMENT_TEAM = R3XHF7AHVR;
				INFOPLIST_FILE = AppCheckInByQRCodeTests/Info.plist;
				IPHONEOS_DEPLOYMENT_TARGET = 13.5;
				LD_RUNPATH_SEARCH_PATHS = (
					"$(inherited)",
					"@executable_path/Frameworks",
					"@loader_path/Frameworks",
				);
				PRODUCT_BUNDLE_IDENTIFIER = com.htkien.AppCheckInByQRCodeTests;
				PRODUCT_NAME = "$(TARGET_NAME)";
				SWIFT_VERSION = 5.0;
				TARGETED_DEVICE_FAMILY = "1,2";
				TEST_HOST = "$(BUILT_PRODUCTS_DIR)/AppCheckInByQRCode.app/AppCheckInByQRCode";
			};
			name = Debug;
		};
		7B4629F024A59558003B3168 /* Release */ = {
			isa = XCBuildConfiguration;
			buildSettings = {
				ALWAYS_EMBED_SWIFT_STANDARD_LIBRARIES = YES;
				BUNDLE_LOADER = "$(TEST_HOST)";
				CODE_SIGN_STYLE = Automatic;
				DEVELOPMENT_TEAM = R3XHF7AHVR;
				INFOPLIST_FILE = AppCheckInByQRCodeTests/Info.plist;
				IPHONEOS_DEPLOYMENT_TARGET = 13.5;
				LD_RUNPATH_SEARCH_PATHS = (
					"$(inherited)",
					"@executable_path/Frameworks",
					"@loader_path/Frameworks",
				);
				PRODUCT_BUNDLE_IDENTIFIER = com.htkien.AppCheckInByQRCodeTests;
				PRODUCT_NAME = "$(TARGET_NAME)";
				SWIFT_VERSION = 5.0;
				TARGETED_DEVICE_FAMILY = "1,2";
				TEST_HOST = "$(BUILT_PRODUCTS_DIR)/AppCheckInByQRCode.app/AppCheckInByQRCode";
			};
			name = Release;
		};
/* End XCBuildConfiguration section */

/* Begin XCConfigurationList section */
		7B4629C424A59557003B3168 /* Build configuration list for PBXProject "AppCheckInByQRCode" */ = {
			isa = XCConfigurationList;
			buildConfigurations = (
				7B4629E924A59558003B3168 /* Debug */,
				7B4629EA24A59558003B3168 /* Release */,
			);
			defaultConfigurationIsVisible = 0;
			defaultConfigurationName = Release;
		};
		7B4629EB24A59558003B3168 /* Build configuration list for PBXNativeTarget "AppCheckInByQRCode" */ = {
			isa = XCConfigurationList;
			buildConfigurations = (
				7B4629EC24A59558003B3168 /* Debug */,
				7B4629ED24A59558003B3168 /* Release */,
			);
			defaultConfigurationIsVisible = 0;
			defaultConfigurationName = Release;
		};
		7B4629EE24A59558003B3168 /* Build configuration list for PBXNativeTarget "AppCheckInByQRCodeTests" */ = {
			isa = XCConfigurationList;
			buildConfigurations = (
				7B4629EF24A59558003B3168 /* Debug */,
				7B4629F024A59558003B3168 /* Release */,
			);
			defaultConfigurationIsVisible = 0;
			defaultConfigurationName = Release;
		};
/* End XCConfigurationList section */

/* Begin XCVersionGroup section */
		7B4629D524A59557003B3168 /* AppCheckInByQRCode.xcdatamodeld */ = {
			isa = XCVersionGroup;
			children = (
				7B4629D624A59557003B3168 /* AppCheckInByQRCode.xcdatamodel */,
			);
			currentVersion = 7B4629D624A59557003B3168 /* AppCheckInByQRCode.xcdatamodel */;
			path = AppCheckInByQRCode.xcdatamodeld;
			sourceTree = "<group>";
			versionGroupType = wrapper.xcdatamodel;
		};
/* End XCVersionGroup section */
	};
	rootObject = 7B4629C124A59557003B3168 /* Project object */;
}
